
Microsoft Visual Studio Solution File, Format Version 12.00
# Visual Studio Version 17
VisualStudioVersion = 17.14.36310.24 d17.14
MinimumVisualStudioVersion = 10.0.40219.1
Project("{FAE04EC0-301F-11D3-BF4B-00C04F79EFBC}") = "RandomGenerator", "RandomGenerator\RandomGenerator.csproj", "{53E8BEBD-099E-4F39-8106-F2D6CFDE34EE}"
EndProject
Global
	GlobalSection(SolutionConfigurationPlatforms) = preSolution
		Debug|Any CPU = Debug|Any CPU
		Release|Any CPU = Release|Any CPU
	EndGlobalSection
	GlobalSection(ProjectConfigurationPlatforms) = postSolution
		{53E8BEBD-099E-4F39-8106-F2D6CFDE34EE}.Debug|Any CPU.ActiveCfg = Debug|Any CPU
		{53E8BEBD-099E-4F39-8106-F2D6CFDE34EE}.Debug|Any CPU.Build.0 = Debug|Any CPU
		{53E8BEBD-099E-4F39-8106-F2D6CFDE34EE}.Release|Any CPU.ActiveCfg = Release|Any CPU
		{53E8BEBD-099E-4F39-8106-F2D6CFDE34EE}.Release|Any CPU.Build.0 = Release|Any CPU
	EndGlobalSection
	GlobalSection(SolutionProperties) = preSolution
		HideSolutionNode = FALSE
	EndGlobalSection
	GlobalSection(ExtensibilityGlobals) = postSolution
		SolutionGuid = {427AC882-145F-4E8D-943F-DA81FC187C6F}
	EndGlobalSection
EndGlobal
